
Microsoft Visual Studio Solution File, Format Version 12.00
# Visual Studio 15
VisualStudioVersion = 15.0.28010.2048
MinimumVisualStudioVersion = 10.0.40219.1
Project("{FAE04EC0-301F-11D3-BF4B-00C04F79EFBC}") = "CafeOnline", "CafeOnline\CafeOnline.csproj", "{61BCD007-F27F-47EF-AA2F-EF399E08F383}"
EndProject
Project("{FAE04EC0-301F-11D3-BF4B-00C04F79EFBC}") = "Model", "Model\Model.csproj", "{AE5E7C7E-E378-47C8-9BD8-3E485BBA5BA0}"
EndProject
Global
	GlobalSection(SolutionConfigurationPlatforms) = preSolution
		Debug|Any CPU = Debug|Any CPU
		Release|Any CPU = Release|Any CPU
	EndGlobalSection
	GlobalSection(ProjectConfigurationPlatforms) = postSolution
		{61BCD007-F27F-47EF-AA2F-EF399E08F383}.Debug|Any CPU.ActiveCfg = Debug|Any CPU
		{61BCD007-F27F-47EF-AA2F-EF399E08F383}.Debug|Any CPU.Build.0 = Debug|Any CPU
		{61BCD007-F27F-47EF-AA2F-EF399E08F383}.Release|Any CPU.ActiveCfg = Release|Any CPU
		{61BCD007-F27F-47EF-AA2F-EF399E08F383}.Release|Any CPU.Build.0 = Release|Any CPU
		{AE5E7C7E-E378-47C8-9BD8-3E485BBA5BA0}.Debug|Any CPU.ActiveCfg = Debug|Any CPU
		{AE5E7C7E-E378-47C8-9BD8-3E485BBA5BA0}.Debug|Any CPU.Build.0 = Debug|Any CPU
		{AE5E7C7E-E378-47C8-9BD8-3E485BBA5BA0}.Release|Any CPU.ActiveCfg = Release|Any CPU
		{AE5E7C7E-E378-47C8-9BD8-3E485BBA5BA0}.Release|Any CPU.Build.0 = Release|Any CPU
	EndGlobalSection
	GlobalSection(SolutionProperties) = preSolution
		HideSolutionNode = FALSE
	EndGlobalSection
	GlobalSection(ExtensibilityGlobals) = postSolution
		SolutionGuid = {FB23C7EB-7F4F-4C54-9AE7-5A2083062631}
	EndGlobalSection
EndGlobal
